dependencies:
- name: common
  repository: https://charts.bitnami.com/bitnami
  version: 2.13.3
- name: reloader
  repository: https://stakater.github.io/stakater-charts
  version: 1.0.42
digest: sha256:c037b1aa960a3fd818a38a99b1f5feaa55031f283a3b4d88673b1c35183ae83f
generated: "2023-10-20T15:17:18.654143974Z"
