dependencies:
- name: common
  repository: https://charts.bitnami.com/bitnami
  version: 2.13.3
- name: reloader
  repository: https://stakater.github.io/stakater-charts
  version: 1.0.46
digest: sha256:329e129dfec0139251fd730445140c618a4af174ec94f53488d00feda118ed7d
generated: "2023-10-22T16:51:56.898061326Z"
